
Microsoft Visual Studio Solution File, Format Version 12.00
# Visual Studio Version 17
VisualStudioVersion = 17.8.34330.188
MinimumVisualStudioVersion = 10.0.40219.1
Project("{9A19103F-16F7-4668-BE54-9A1E7A4F7556}") = "ExercicePP", "ExercicePP.csproj", "{4E9F1413-659F-4CBC-A18D-1550436AD7A6}"
EndProject
Project("{9A19103F-16F7-4668-BE54-9A1E7A4F7556}") = "ExercicePPTest", "..\ExercicePPTest\ExercicePPTest.csproj", "{0D08A18C-A05E-4E36-A83A-3414CCB21125}"
EndProject
Project("{2150E333-8FDC-42A3-9474-1A3956D46DE8}") = "Solution Items", "Solution Items", "{77784947-900D-4998-9CF0-796556EBCE31}"
	ProjectSection(SolutionItems) = preProject
		.editorconfig = .editorconfig
	EndProjectSection
EndProject
Global
	GlobalSection(SolutionConfigurationPlatforms) = preSolution
		Debug|Any CPU = Debug|Any CPU
		Release|Any CPU = Release|Any CPU
	EndGlobalSection
	GlobalSection(ProjectConfigurationPlatforms) = postSolution
		{4E9F1413-659F-4CBC-A18D-1550436AD7A6}.Debug|Any CPU.ActiveCfg = Debug|Any CPU
		{4E9F1413-659F-4CBC-A18D-1550436AD7A6}.Debug|Any CPU.Build.0 = Debug|Any CPU
		{4E9F1413-659F-4CBC-A18D-1550436AD7A6}.Release|Any CPU.ActiveCfg = Release|Any CPU
		{4E9F1413-659F-4CBC-A18D-1550436AD7A6}.Release|Any CPU.Build.0 = Release|Any CPU
		{0D08A18C-A05E-4E36-A83A-3414CCB21125}.Debug|Any CPU.ActiveCfg = Debug|Any CPU
		{0D08A18C-A05E-4E36-A83A-3414CCB21125}.Debug|Any CPU.Build.0 = Debug|Any CPU
		{0D08A18C-A05E-4E36-A83A-3414CCB21125}.Release|Any CPU.ActiveCfg = Release|Any CPU
		{0D08A18C-A05E-4E36-A83A-3414CCB21125}.Release|Any CPU.Build.0 = Release|Any CPU
	EndGlobalSection
	GlobalSection(SolutionProperties) = preSolution
		HideSolutionNode = FALSE
	EndGlobalSection
	GlobalSection(ExtensibilityGlobals) = postSolution
		SolutionGuid = {92CB09B0-C629-4C2D-8A49-0456C530F754}
	EndGlobalSection
EndGlobal
